{
  "name": "@zijin/dashboard",
  "version": "0.0.7",
  "lockfileVersion": 1,
  "requires": true,
  "dependencies": {
    "@types/lodash": {
      "version": "4.14.122",
      "resolved": "https://registry.npmjs.org/@types/lodash/-/lodash-4.14.122.tgz",
      "integrity": "sha512-9IdED8wU93ty8gP06ninox+42SBSJHp2IAamsSYMUY76mshRTeUsid/gtbl8ovnOwy8im41ib4cxTiIYMXGKew==",
      "dev": true
    },
    "ag-grid-angular": {
      "version": "20.1.0",
      "resolved": "https://registry.npmjs.org/ag-grid-angular/-/ag-grid-angular-20.1.0.tgz",
      "integrity": "sha512-OBWv08n3I0r3pKfHZjpIafrQ8yEbM/FN3+V4VG4+Ou8L5GGb9M1qwdl4ats4Ya4VvGzg8irQ3pp5V44E39vQjA==",
      "dev": true
    },
    "ag-grid-community": {
      "version": "20.1.0",
      "resolved": "https://registry.npmjs.org/ag-grid-community/-/ag-grid-community-20.1.0.tgz",
      "integrity": "sha512-58JQj2n/2NvqStDO0aNEEUUvc1ziRcEhi1NY+AYzsADzA0snrn228D4ea974JYjxbqy4cqFsqn9hDX11aInIfg==",
      "dev": true
    },
    "angular-split": {
      "version": "2.0.1",
      "resolved": "https://registry.npmjs.org/angular-split/-/angular-split-2.0.1.tgz",
      "integrity": "sha512-5VWm6LWcjmL178XapWlyGsXMtc7UVNnQoz1rGo3VZrjQwyAJ4RFUKpmqkzUqnU7v/+Gsa/PD369bgRTJnhx1OA==",
      "dev": true,
      "requires": {
        "tslib": "^1.9.0"
      }
    },
    "brace": {
      "version": "0.11.1",
      "resolved": "https://registry.npmjs.org/brace/-/brace-0.11.1.tgz",
      "integrity": "sha1-SJb8ydVE7vRfS7dmDbMg07N5/lg=",
      "dev": true
    },
    "echarts": {
      "version": "4.1.0",
      "resolved": "https://registry.npmjs.org/echarts/-/echarts-4.1.0.tgz",
      "integrity": "sha512-gP1e1fNnAj9KJpTDLXV21brklbfJlqeINmpQDJCDta9TX3cPoqyQOiDVcEPzbOVHqgBRgTOwNxC5iGwJ89014A==",
      "dev": true,
      "requires": {
        "zrender": "4.0.4"
      }
    },
    "lodash": {
      "version": "4.17.19",
      "resolved": "https://registry.npmjs.org/lodash/-/lodash-4.17.19.tgz",
      "integrity": "sha512-JNvd8XER9GQX0v2qJgsaN/mzFCNA5BRe/j8JN9d+tWyGLSodKQHKFicdwNYzWwI3wjRnaKPsGj1XkBjx/F96DQ==",
      "dev": true
    },
    "moment": {
      "version": "2.24.0",
      "resolved": "https://registry.npmjs.org/moment/-/moment-2.24.0.tgz",
      "integrity": "sha512-bV7f+6l2QigeBBZSM/6yTNq4P2fNpSWj/0e7jQcy87A8e7o2nAfP/34/2ky5Vw4B9S446EtIhodAzkFCcR4dQg==",
      "dev": true
    },
    "ngx-echarts": {
      "version": "4.1.0",
      "resolved": "https://registry.npmjs.org/ngx-echarts/-/ngx-echarts-4.1.0.tgz",
      "integrity": "sha512-N0mb8/A3fhFxTPLFHw6TGcn+Aumrt/ltUhhJIjMtzAFYoJ3NQdiECCtq53keT1gsA5M8zReYp2HkZQfM0TmZmg==",
      "dev": true,
      "requires": {
        "tslib": "^1.9.0"
      }
    },
    "ngx-perfect-scrollbar": {
      "version": "7.2.1",
      "resolved": "https://registry.npmjs.org/ngx-perfect-scrollbar/-/ngx-perfect-scrollbar-7.2.1.tgz",
      "integrity": "sha512-2Dyzx2M3ihGSlcTNwb+o8XGJr4ukkeCMz9J6A0cXyL7eX1Tez6BnRqTcpKe9JWkVEdRVd8+WT0uZ2O0tMiRF3A==",
      "dev": true,
      "requires": {
        "perfect-scrollbar": "^1.4.0",
        "resize-observer-polyfill": "^1.5.0"
      }
    },
    "perfect-scrollbar": {
      "version": "1.4.0",
      "resolved": "https://registry.npmjs.org/perfect-scrollbar/-/perfect-scrollbar-1.4.0.tgz",
      "integrity": "sha512-/2Sk/khljhdrsamjJYS5NjrH+GKEHEwh7zFSiYyxROyYKagkE4kSn2zDQDRTOMo8mpT2jikxx6yI1dG7lNP/hw==",
      "dev": true
    },
    "resize-observer-polyfill": {
      "version": "1.5.1",
      "resolved": "https://registry.npmjs.org/resize-observer-polyfill/-/resize-observer-polyfill-1.5.1.tgz",
      "integrity": "sha512-LwZrotdHOo12nQuZlHEmtuXdqGoOD0OhaxopaNFxWzInpEgaLWoVuAMbTzixuosCx2nEG58ngzW3vxdWoxIgdg==",
      "dev": true
    },
    "tslib": {
      "version": "1.9.3",
      "resolved": "https://registry.npmjs.org/tslib/-/tslib-1.9.3.tgz",
      "integrity": "sha512-4krF8scpejhaOgqzBEcGM7yDIEfi0/8+8zDRZhNZZ2kjmHJ4hv3zCbQWxoJGz1iw5U0Jl0nma13xzHXcncMavQ==",
      "dev": true
    },
    "zrender": {
      "version": "4.0.4",
      "resolved": "https://registry.npmjs.org/zrender/-/zrender-4.0.4.tgz",
      "integrity": "sha512-03Vd/BDl/cPXp8E61f5+Xbgr/a4vDyFA+uUtUc1s+5KgcPbyY2m+78R/9LQwkR6QwFYHG8qk25Q8ESGs/qpkZw==",
      "dev": true
    }
  }
}
